Microsoft Visual Studio Solution File, Format Version 12.00
# Visual Studio Version 17
VisualStudioVersion = 17.5.2.0
MinimumVisualStudioVersion = 10.0.40219.1
Project("{FAE04EC0-301F-11D3-BF4B-00C04F79EFBC}") = "APISantuy", "APISantuy\APISantuy.csproj", "{050F81F3-2997-2969-1188-CB44371CF990}"
EndProject
Global
	GlobalSection(SolutionConfigurationPlatforms) = preSolution
		Debug|Any CPU = Debug|Any CPU
		Release|Any CPU = Release|Any CPU
	EndGlobalSection
	GlobalSection(ProjectConfigurationPlatforms) = postSolution
		{050F81F3-2997-2969-1188-CB44371CF990}.Debug|Any CPU.ActiveCfg = Debug|Any CPU
		{050F81F3-2997-2969-1188-CB44371CF990}.Debug|Any CPU.Build.0 = Debug|Any CPU
		{050F81F3-2997-2969-1188-CB44371CF990}.Release|Any CPU.ActiveCfg = Release|Any CPU
		{050F81F3-2997-2969-1188-CB44371CF990}.Release|Any CPU.Build.0 = Release|Any CPU
	EndGlobalSection
	GlobalSection(SolutionProperties) = preSolution
		HideSolutionNode = FALSE
	EndGlobalSection
	GlobalSection(ExtensibilityGlobals) = postSolution
		SolutionGuid = {C868357C-A639-4106-84D8-F77754C745CE}
	EndGlobalSection
EndGlobal
